// !$*UTF8*$!
{
	archiveVersion = 1;
	classes = {
	};
	objectVersion = 50;
	objects = {

/* Begin PBXBuildFile section */
		2336B626214387C9001D5628 /* AppDelegate.swift in Sources */ = {isa = PBXBuildFile; fileRef = 2336B625214387C9001D5628 /* AppDelegate.swift */; };
		2336B62A214387C9001D5628 /* ViewController.swift in Sources */ = {isa = PBXBuildFile; fileRef = 2336B629214387C9001D5628 /* ViewController.swift */; };
		2336B62D214387C9001D5628 /* Main.storyboard in Resources */ = {isa = PBXBuildFile; fileRef = 2336B62B214387C9001D5628 /* Main.storyboard */; };
		2336B62F214387CA001D5628 /* Assets.xcassets in Resources */ = {isa = PBXBuildFile; fileRef = 2336B62E214387CA001D5628 /* Assets.xcassets */; };
		2336B632214387CA001D5628 /* LaunchScreen.storyboard in Resources */ = {isa = PBXBuildFile; fileRef = 2336B630214387CA001D5628 /* LaunchScreen.storyboard */; };
		2336B63A21438FB1001D5628 /* PokerDice.scnassets in Resources */ = {isa = PBXBuildFile; fileRef = 2336B63921438FB1001D5628 /* PokerDice.scnassets */; };
		23E844A92147A0B1001520ED /* GameUtils.swift in Sources */ = {isa = PBXBuildFile; fileRef = 23E844A52147A0B1001520ED /* GameUtils.swift */; };
		23E844AA2147A0B1001520ED /* SCNVector3+Extension.swift in Sources */ = {isa = PBXBuildFile; fileRef = 23E844A62147A0B1001520ED /* SCNVector3+Extension.swift */; };
		23E844AB2147A0B1001520ED /* Generics.swift in Sources */ = {isa = PBXBuildFile; fileRef = 23E844A72147A0B1001520ED /* Generics.swift */; };
		23E844AC2147A0B1001520ED /* Random+Extension.swift in Sources */ = {isa = PBXBuildFile; fileRef = 23E844A82147A0B1001520ED /* Random+Extension.swift */; };
/* End PBXBuildFile section */

/* Begin PBXFileReference section */
		2336B622214387C9001D5628 /* ARPokerDice.app */ = {isa = PBXFileReference; explicitFileType = wrapper.application; includeInIndex = 0; path = ARPokerDice.app; sourceTree = BUILT_PRODUCTS_DIR; };
		2336B625214387C9001D5628 /* AppDelegate.swift */ = {isa = PBXFileReference; lastKnownFileType = sourcecode.swift; path = AppDelegate.swift; sourceTree = "<group>"; };
		2336B629214387C9001D5628 /* ViewController.swift */ = {isa = PBXFileReference; lastKnownFileType = sourcecode.swift; path = ViewController.swift; sourceTree = "<group>"; };
		2336B62C214387C9001D5628 /* Base */ = {isa = PBXFileReference; lastKnownFileType = file.storyboard; name = Base; path = Base.lproj/Main.storyboard; sourceTree = "<group>"; };
		2336B62E214387CA001D5628 /* Assets.xcassets */ = {isa = PBXFileReference; lastKnownFileType = folder.assetcatalog; path = Assets.xcassets; sourceTree = "<group>"; };
		2336B631214387CA001D5628 /* Base */ = {isa = PBXFileReference; lastKnownFileType = file.storyboard; name = Base; path = Base.lproj/LaunchScreen.storyboard; sourceTree = "<group>"; };
		2336B633214387CA001D5628 /* Info.plist */ = {isa = PBXFileReference; lastKnownFileType = text.plist.xml; path = Info.plist; sourceTree = "<group>"; };
		2336B63921438FB1001D5628 /* PokerDice.scnassets */ = {isa = PBXFileReference; lastKnownFileType = wrapper.scnassets; path = PokerDice.scnassets; sourceTree = "<group>"; };
		23E844A52147A0B1001520ED /* GameUtils.swift */ = {isa = PBXFileReference; fileEncoding = 4; lastKnownFileType = sourcecode.swift; path = GameUtils.swift; sourceTree = "<group>"; };
		23E844A62147A0B1001520ED /* SCNVector3+Extension.swift */ = {isa = PBXFileReference; fileEncoding = 4; lastKnownFileType = sourcecode.swift; path = "SCNVector3+Extension.swift"; sourceTree = "<group>"; };
		23E844A72147A0B1001520ED /* Generics.swift */ = {isa = PBXFileReference; fileEncoding = 4; lastKnownFileType = sourcecode.swift; path = Generics.swift; sourceTree = "<group>"; };
		23E844A82147A0B1001520ED /* Random+Extension.swift */ = {isa = PBXFileReference; fileEncoding = 4; lastKnownFileType = sourcecode.swift; path = "Random+Extension.swift"; sourceTree = "<group>"; };
/* End PBXFileReference section */

/* Begin PBXFrameworksBuildPhase section */
		2336B61F214387C9001D5628 /* Frameworks */ = {
			isa = PBXFrameworksBuildPhase;
			buildActionMask = 2147483647;
			files = (
			);
			runOnlyForDeploymentPostprocessing = 0;
		};
/* End PBXFrameworksBuildPhase section */

/* Begin PBXGroup section */
		2336B619214387C9001D5628 = {
			isa = PBXGroup;
			children = (
				2336B624214387C9001D5628 /* ARPokerDice */,
				2336B623214387C9001D5628 /* Products */,
			);
			sourceTree = "<group>";
		};
		2336B623214387C9001D5628 /* Products */ = {
			isa = PBXGroup;
			children = (
				2336B622214387C9001D5628 /* ARPokerDice.app */,
			);
			name = Products;
			sourceTree = "<group>";
		};
		2336B624214387C9001D5628 /* ARPokerDice */ = {
			isa = PBXGroup;
			children = (
				23E844A42147A0B1001520ED /* GameUtils */,
				2336B63921438FB1001D5628 /* PokerDice.scnassets */,
				2336B625214387C9001D5628 /* AppDelegate.swift */,
				2336B629214387C9001D5628 /* ViewController.swift */,
				2336B62B214387C9001D5628 /* Main.storyboard */,
				2336B62E214387CA001D5628 /* Assets.xcassets */,
				2336B630214387CA001D5628 /* LaunchScreen.storyboard */,
				2336B633214387CA001D5628 /* Info.plist */,
			);
			path = ARPokerDice;
			sourceTree = "<group>";
		};
		23E844A42147A0B1001520ED /* GameUtils */ = {
			isa = PBXGroup;
			children = (
				23E844A52147A0B1001520ED /* GameUtils.swift */,
				23E844A62147A0B1001520ED /* SCNVector3+Extension.swift */,
				23E844A72147A0B1001520ED /* Generics.swift */,
				23E844A82147A0B1001520ED /* Random+Extension.swift */,
			);
			path = GameUtils;
			sourceTree = "<group>";
		};
/* End PBXGroup section */

/* Begin PBXNativeTarget section */
		2336B621214387C9001D5628 /* ARPokerDice */ = {
			isa = PBXNativeTarget;
			buildConfigurationList = 2336B636214387CA001D5628 /* Build configuration list for PBXNativeTarget "ARPokerDice" */;
			buildPhases = (
				2336B61E214387C9001D5628 /* Sources */,
				2336B61F214387C9001D5628 /* Frameworks */,
				2336B620214387C9001D5628 /* Resources */,
			);
			buildRules = (
			);
			dependencies = (
			);
			name = ARPokerDice;
			productName = ARPokerDice;
			productReference = 2336B622214387C9001D5628 /* ARPokerDice.app */;
			productType = "com.apple.product-type.application";
		};
/* End PBXNativeTarget section */

/* Begin PBXProject section */
		2336B61A214387C9001D5628 /* Project object */ = {
			isa = PBXProject;
			attributes = {
				LastSwiftUpdateCheck = 0940;
				LastUpgradeCheck = 0940;
				ORGANIZATIONNAME = conandi;
				TargetAttributes = {
					2336B621214387C9001D5628 = {
						CreatedOnToolsVersion = 9.4.1;
					};
				};
			};
			buildConfigurationList = 2336B61D214387C9001D5628 /* Build configuration list for PBXProject "ARPokerDice" */;
			compatibilityVersion = "Xcode 9.3";
			developmentRegion = en;
			hasScannedForEncodings = 0;
			knownRegions = (
				en,
				Base,
			);
			mainGroup = 2336B619214387C9001D5628;
			productRefGroup = 2336B623214387C9001D5628 /* Products */;
			projectDirPath = "";
			projectRoot = "";
			targets = (
				2336B621214387C9001D5628 /* ARPokerDice */,
			);
		};
/* End PBXProject section */

/* Begin PBXResourcesBuildPhase section */
		2336B620214387C9001D5628 /* Resources */ = {
			isa = PBXResourcesBuildPhase;
			buildActionMask = 2147483647;
			files = (
				2336B63A21438FB1001D5628 /* PokerDice.scnassets in Resources */,
				2336B632214387CA001D5628 /* LaunchScreen.storyboard in Resources */,
				2336B62F214387CA001D5628 /* Assets.xcassets in Resources */,
				2336B62D214387C9001D5628 /* Main.storyboard in Resources */,
			);
			runOnlyForDeploymentPostprocessing = 0;
		};
/* End PBXResourcesBuildPhase section */

/* Begin PBXSourcesBuildPhase section */
		2336B61E214387C9001D5628 /* Sources */ = {
			isa = PBXSourcesBuildPhase;
			buildActionMask = 2147483647;
			files = (
				2336B62A214387C9001D5628 /* ViewController.swift in Sources */,
				23E844A92147A0B1001520ED /* GameUtils.swift in Sources */,
				23E844AB2147A0B1001520ED /* Generics.swift in Sources */,
				2336B626214387C9001D5628 /* AppDelegate.swift in Sources */,
				23E844AC2147A0B1001520ED /* Random+Extension.swift in Sources */,
				23E844AA2147A0B1001520ED /* SCNVector3+Extension.swift in Sources */,
			);
			runOnlyForDeploymentPostprocessing = 0;
		};
/* End PBXSourcesBuildPhase section */

/* Begin PBXVariantGroup section */
		2336B62B214387C9001D5628 /* Main.storyboard */ = {
			isa = PBXVariantGroup;
			children = (
				2336B62C214387C9001D5628 /* Base */,
			);
			name = Main.storyboard;
			sourceTree = "<group>";
		};
		2336B630214387CA001D5628 /* LaunchScreen.storyboard */ = {
			isa = PBXVariantGroup;
			children = (
				2336B631214387CA001D5628 /* Base */,
			);
			name = LaunchScreen.storyboard;
			sourceTree = "<group>";
		};
/* End PBXVariantGroup section */

/* Begin XCBuildConfiguration section */
		2336B634214387CA001D5628 /* Debug */ = {
			isa = XCBuildConfiguration;
			buildSettings = {
				ALWAYS_SEARCH_USER_PATHS = NO;
				CLANG_ANALYZER_NONNULL = YES;
				CLANG_ANALYZER_NUMBER_OBJECT_CONVERSION = YES_AGGRESSIVE;
				CLANG_CXX_LANGUAGE_STANDARD = "gnu++14";
				CLANG_CXX_LIBRARY = "libc++";
				CLANG_ENABLE_MODULES = YES;
				CLANG_ENABLE_OBJC_ARC = YES;
				CLANG_ENABLE_OBJC_WEAK = YES;
				CLANG_WARN_BLOCK_CAPTURE_AUTORELEASING = YES;
				CLANG_WARN_BOOL_CONVERSION = YES;
				CLANG_WARN_COMMA = YES;
				CLANG_WARN_CONSTANT_CONVERSION = YES;
				CLANG_WARN_DEPRECATED_OBJC_IMPLEMENTATIONS = YES;
				CLANG_WARN_DIRECT_OBJC_ISA_USAGE = YES_ERROR;
				CLANG_WARN_DOCUMENTATION_COMMENTS = YES;
				CLANG_WARN_EMPTY_BODY = YES;
				CLANG_WARN_ENUM_CONVERSION = YES;
				CLANG_WARN_INFINITE_RECURSION = YES;
				CLANG_WARN_INT_CONVERSION = YES;
				CLANG_WARN_NON_LITERAL_NULL_CONVERSION = YES;
				CLANG_WARN_OBJC_IMPLICIT_RETAIN_SELF = YES;
				CLANG_WARN_OBJC_LITERAL_CONVERSION = YES;
				CLANG_WARN_OBJC_ROOT_CLASS = YES_ERROR;
				CLANG_WARN_RANGE_LOOP_ANALYSIS = YES;
				CLANG_WARN_STRICT_PROTOTYPES = YES;
				CLANG_WARN_SUSPICIOUS_MOVE = YES;
				CLANG_WARN_UNGUARDED_AVAILABILITY = YES_AGGRESSIVE;
				CLANG_WARN_UNREACHABLE_CODE = YES;
				CLANG_WARN__DUPLICATE_METHOD_MATCH = YES;
				CODE_SIGN_IDENTITY = "iPhone Developer";
				COPY_PHASE_STRIP = NO;
				DEBUG_INFORMATION_FORMAT = dwarf;
				ENABLE_STRICT_OBJC_MSGSEND = YES;
				ENABLE_TESTABILITY = YES;
				GCC_C_LANGUAGE_STANDARD = gnu11;
				GCC_DYNAMIC_NO_PIC = NO;
				GCC_NO_COMMON_BLOCKS = YES;
				GCC_OPTIMIZATION_LEVEL = 0;
				GCC_PREPROCESSOR_DEFINITIONS = (
					"DEBUG=1",
					"$(inherited)",
				);
				GCC_WARN_64_TO_32_BIT_CONVERSION = YES;
				GCC_WARN_ABOUT_RETURN_TYPE = YES_ERROR;
				GCC_WARN_UNDECLARED_SELECTOR = YES;
				GCC_WARN_UNINITIALIZED_AUTOS = YES_AGGRESSIVE;
				GCC_WARN_UNUSED_FUNCTION = YES;
				GCC_WARN_UNUSED_VARIABLE = YES;
				IPHONEOS_DEPLOYMENT_TARGET = 11.4;
				MTL_ENABLE_DEBUG_INFO = YES;
				ONLY_ACTIVE_ARCH = YES;
				SDKROOT = iphoneos;
				SWIFT_ACTIVE_COMPILATION_CONDITIONS = DEBUG;
				SWIFT_OPTIMIZATION_LEVEL = "-Onone";
			};
			name = Debug;
		};
		2336B635214387CA001D5628 /* Release */ = {
			isa = XCBuildConfiguration;
			buildSettings = {
				ALWAYS_SEARCH_USER_PATHS = NO;
				CLANG_ANALYZER_NONNULL = YES;
				CLANG_ANALYZER_NUMBER_OBJECT_CONVERSION = YES_AGGRESSIVE;
				CLANG_CXX_LANGUAGE_STANDARD = "gnu++14";
				CLANG_CXX_LIBRARY = "libc++";
				CLANG_ENABLE_MODULES = YES;
				CLANG_ENABLE_OBJC_ARC = YES;
				CLANG_ENABLE_OBJC_WEAK = YES;
				CLANG_WARN_BLOCK_CAPTURE_AUTORELEASING = YES;
				CLANG_WARN_BOOL_CONVERSION = YES;
				CLANG_WARN_COMMA = YES;
				CLANG_WARN_CONSTANT_CONVERSION = YES;
				CLANG_WARN_DEPRECATED_OBJC_IMPLEMENTATIONS = YES;
				CLANG_WARN_DIRECT_OBJC_ISA_USAGE = YES_ERROR;
				CLANG_WARN_DOCUMENTATION_COMMENTS = YES;
				CLANG_WARN_EMPTY_BODY = YES;
				CLANG_WARN_ENUM_CONVERSION = YES;
				CLANG_WARN_INFINITE_RECURSION = YES;
				CLANG_WARN_INT_CONVERSION = YES;
				CLANG_WARN_NON_LITERAL_NULL_CONVERSION = YES;
				CLANG_WARN_OBJC_IMPLICIT_RETAIN_SELF = YES;
				CLANG_WARN_OBJC_LITERAL_CONVERSION = YES;
				CLANG_WARN_OBJC_ROOT_CLASS = YES_ERROR;
				CLANG_WARN_RANGE_LOOP_ANALYSIS = YES;
				CLANG_WARN_STRICT_PROTOTYPES = YES;
				CLANG_WARN_SUSPICIOUS_MOVE = YES;
				CLANG_WARN_UNGUARDED_AVAILABILITY = YES_AGGRESSIVE;
				CLANG_WARN_UNREACHABLE_CODE = YES;
				CLANG_WARN__DUPLICATE_METHOD_MATCH = YES;
				CODE_SIGN_IDENTITY = "iPhone Developer";
				COPY_PHASE_STRIP = NO;
				DEBUG_INFORMATION_FORMAT = "dwarf-with-dsym";
				ENABLE_NS_ASSERTIONS = NO;
				ENABLE_STRICT_OBJC_MSGSEND = YES;
				GCC_C_LANGUAGE_STANDARD = gnu11;
				GCC_NO_COMMON_BLOCKS = YES;
				GCC_WARN_64_TO_32_BIT_CONVERSION = YES;
				GCC_WARN_ABOUT_RETURN_TYPE = YES_ERROR;
				GCC_WARN_UNDECLARED_SELECTOR = YES;
				GCC_WARN_UNINITIALIZED_AUTOS = YES_AGGRESSIVE;
				GCC_WARN_UNUSED_FUNCTION = YES;
				GCC_WARN_UNUSED_VARIABLE = YES;
				IPHONEOS_DEPLOYMENT_TARGET = 11.4;
				MTL_ENABLE_DEBUG_INFO = NO;
				SDKROOT = iphoneos;
				SWIFT_COMPILATION_MODE = wholemodule;
				SWIFT_OPTIMIZATION_LEVEL = "-O";
				VALIDATE_PRODUCT = YES;
			};
			name = Release;
		};
		2336B637214387CA001D5628 /* Debug */ = {
			isa = XCBuildConfiguration;
			buildSettings = {
				ASSETCATALOG_COMPILER_APPICON_NAME = AppIcon;
				CODE_SIGN_STYLE = Automatic;
				DEVELOPMENT_TEAM = Z7M3UJ9LBG;
				INFOPLIST_FILE = ARPokerDice/Info.plist;
				LD_RUNPATH_SEARCH_PATHS = (
					"$(inherited)",
					"@executable_path/Frameworks",
				);
				PRODUCT_BUNDLE_IDENTIFIER = conandi.ARPokerDice;
				PRODUCT_NAME = "$(TARGET_NAME)";
				SWIFT_VERSION = 4.0;
				TARGETED_DEVICE_FAMILY = "1,2";
			};
			name = Debug;
		};
		2336B638214387CA001D5628 /* Release */ = {
			isa = XCBuildConfiguration;
			buildSettings = {
				ASSETCATALOG_COMPILER_APPICON_NAME = AppIcon;
				CODE_SIGN_STYLE = Automatic;
				DEVELOPMENT_TEAM = Z7M3UJ9LBG;
				INFOPLIST_FILE = ARPokerDice/Info.plist;
				LD_RUNPATH_SEARCH_PATHS = (
					"$(inherited)",
					"@executable_path/Frameworks",
				);
				PRODUCT_BUNDLE_IDENTIFIER = conandi.ARPokerDice;
				PRODUCT_NAME = "$(TARGET_NAME)";
				SWIFT_VERSION = 4.0;
				TARGETED_DEVICE_FAMILY = "1,2";
			};
			name = Release;
		};
/* End XCBuildConfiguration section */

/* Begin XCConfigurationList section */
		2336B61D214387C9001D5628 /* Build configuration list for PBXProject "ARPokerDice" */ = {
			isa = XCConfigurationList;
			buildConfigurations = (
				2336B634214387CA001D5628 /* Debug */,
				2336B635214387CA001D5628 /* Release */,
			);
			defaultConfigurationIsVisible = 0;
			defaultConfigurationName = Release;
		};
		2336B636214387CA001D5628 /* Build configuration list for PBXNativeTarget "ARPokerDice" */ = {
			isa = XCConfigurationList;
			buildConfigurations = (
				2336B637214387CA001D5628 /* Debug */,
				2336B638214387CA001D5628 /* Release */,
			);
			defaultConfigurationIsVisible = 0;
			defaultConfigurationName = Release;
		};
/* End XCConfigurationList section */
	};
	rootObject = 2336B61A214387C9001D5628 /* Project object */;
}
